
Microsoft Visual Studio Solution File, Format Version 12.00
Project("{FAE04EC0-301F-11D3-BF4B-00C04F79EFBC}") = "discordBot", "discordBot\discordBot.csproj", "{69E49EEB-626D-420E-8CD0-80BF7854AE5D}"
EndProject
Global
	GlobalSection(SolutionConfigurationPlatforms) = preSolution
		Debug|Any CPU = Debug|Any CPU
		Release|Any CPU = Release|Any CPU
	EndGlobalSection
	GlobalSection(ProjectConfigurationPlatforms) = postSolution
		{69E49EEB-626D-420E-8CD0-80BF7854AE5D}.Debug|Any CPU.ActiveCfg = Debug|Any CPU
		{69E49EEB-626D-420E-8CD0-80BF7854AE5D}.Debug|Any CPU.Build.0 = Debug|Any CPU
		{69E49EEB-626D-420E-8CD0-80BF7854AE5D}.Release|Any CPU.ActiveCfg = Release|Any CPU
		{69E49EEB-626D-420E-8CD0-80BF7854AE5D}.Release|Any CPU.Build.0 = Release|Any CPU
	EndGlobalSection
EndGlobal
